
Microsoft Visual Studio Solution File, Format Version 12.00
# Visual Studio Version 16
VisualStudioVersion = 16.0.30517.126
MinimumVisualStudioVersion = 10.0.40219.1
Project("{9A19103F-16F7-4668-BE54-9A1E7A4F7556}") = "BlazorBlog", "BlazorBlog\BlazorBlog.csproj", "{4ED7AC49-65A2-4A61-9DEF-D0BE85BC492D}"
EndProject
Project("{FAE04EC0-301F-11D3-BF4B-00C04F79EFBC}") = "BlazorBlog.Core", "BlazorBlog.Core\BlazorBlog.Core.csproj", "{880BB1AA-8165-4037-B850-B8958619BD4C}"
EndProject
Global
	GlobalSection(SolutionConfigurationPlatforms) = preSolution
		Debug|Any CPU = Debug|Any CPU
		Release|Any CPU = Release|Any CPU
	EndGlobalSection
	GlobalSection(ProjectConfigurationPlatforms) = postSolution
		{4ED7AC49-65A2-4A61-9DEF-D0BE85BC492D}.Debug|Any CPU.ActiveCfg = Debug|Any CPU
		{4ED7AC49-65A2-4A61-9DEF-D0BE85BC492D}.Debug|Any CPU.Build.0 = Debug|Any CPU
		{4ED7AC49-65A2-4A61-9DEF-D0BE85BC492D}.Release|Any CPU.ActiveCfg = Release|Any CPU
		{4ED7AC49-65A2-4A61-9DEF-D0BE85BC492D}.Release|Any CPU.Build.0 = Release|Any CPU
		{880BB1AA-8165-4037-B850-B8958619BD4C}.Debug|Any CPU.ActiveCfg = Debug|Any CPU
		{880BB1AA-8165-4037-B850-B8958619BD4C}.Debug|Any CPU.Build.0 = Debug|Any CPU
		{880BB1AA-8165-4037-B850-B8958619BD4C}.Release|Any CPU.ActiveCfg = Release|Any CPU
		{880BB1AA-8165-4037-B850-B8958619BD4C}.Release|Any CPU.Build.0 = Release|Any CPU
	EndGlobalSection
	GlobalSection(SolutionProperties) = preSolution
		HideSolutionNode = FALSE
	EndGlobalSection
	GlobalSection(ExtensibilityGlobals) = postSolution
		SolutionGuid = {BA3C50BD-DE0A-4FB8-8F25-1ACBB111B483}
	EndGlobalSection
EndGlobal
